
Microsoft Visual Studio Solution File, Format Version 12.00
# Visual Studio Version 17
VisualStudioVersion = 17.4.33122.133
MinimumVisualStudioVersion = 10.0.40219.1
Project("{9A19103F-16F7-4668-BE54-9A1E7A4F7556}") = "Badger", "Badger\Badger.csproj", "{B9B5BB4E-9228-40EF-BF31-561786D9CEEB}"
EndProject
Project("{FAE04EC0-301F-11D3-BF4B-00C04F79EFBC}") = "Test", "Test\Test.csproj", "{5081E3C2-02A0-46AA-83E0-75FB8116FC43}"
EndProject
Global
	GlobalSection(SolutionConfigurationPlatforms) = preSolution
		Debug|Any CPU = Debug|Any CPU
		Release|Any CPU = Release|Any CPU
	EndGlobalSection
	GlobalSection(ProjectConfigurationPlatforms) = postSolution
		{B9B5BB4E-9228-40EF-BF31-561786D9CEEB}.Debug|Any CPU.ActiveCfg = Debug|Any CPU
		{B9B5BB4E-9228-40EF-BF31-561786D9CEEB}.Debug|Any CPU.Build.0 = Debug|Any CPU
		{B9B5BB4E-9228-40EF-BF31-561786D9CEEB}.Release|Any CPU.ActiveCfg = Release|Any CPU
		{B9B5BB4E-9228-40EF-BF31-561786D9CEEB}.Release|Any CPU.Build.0 = Release|Any CPU
		{5081E3C2-02A0-46AA-83E0-75FB8116FC43}.Debug|Any CPU.ActiveCfg = Debug|Any CPU
		{5081E3C2-02A0-46AA-83E0-75FB8116FC43}.Debug|Any CPU.Build.0 = Debug|Any CPU
		{5081E3C2-02A0-46AA-83E0-75FB8116FC43}.Release|Any CPU.ActiveCfg = Release|Any CPU
		{5081E3C2-02A0-46AA-83E0-75FB8116FC43}.Release|Any CPU.Build.0 = Release|Any CPU
	EndGlobalSection
	GlobalSection(SolutionProperties) = preSolution
		HideSolutionNode = FALSE
	EndGlobalSection
	GlobalSection(ExtensibilityGlobals) = postSolution
		SolutionGuid = {4ACD9087-D51A-4F1B-8823-4E290D611552}
	EndGlobalSection
EndGlobal
