
Microsoft Visual Studio Solution File, Format Version 12.00
# Visual Studio Version 17
VisualStudioVersion = 17.4.33122.133
MinimumVisualStudioVersion = 10.0.40219.1
Project("{FAE04EC0-301F-11D3-BF4B-00C04F79EFBC}") = "Badger", "Badger\Badger.csproj", "{B9B5BB4E-9228-40EF-BF31-561786D9CEEB}"
EndProject
Project("{FAE04EC0-301F-11D3-BF4B-00C04F79EFBC}") = "BadgerApp", "BadgerApp\BadgerApp.csproj", "{35AD5ADD-9C48-4A7B-8734-0F4FB55DE352}"
EndProject
Global
	GlobalSection(SolutionConfigurationPlatforms) = preSolution
		Debug|Any CPU = Debug|Any CPU
		Release|Any CPU = Release|Any CPU
	EndGlobalSection
	GlobalSection(ProjectConfigurationPlatforms) = postSolution
		{B9B5BB4E-9228-40EF-BF31-561786D9CEEB}.Debug|Any CPU.ActiveCfg = Debug|Any CPU
		{B9B5BB4E-9228-40EF-BF31-561786D9CEEB}.Debug|Any CPU.Build.0 = Debug|Any CPU
		{B9B5BB4E-9228-40EF-BF31-561786D9CEEB}.Release|Any CPU.ActiveCfg = Release|Any CPU
		{B9B5BB4E-9228-40EF-BF31-561786D9CEEB}.Release|Any CPU.Build.0 = Release|Any CPU
		{35AD5ADD-9C48-4A7B-8734-0F4FB55DE352}.Debug|Any CPU.ActiveCfg = Debug|Any CPU
		{35AD5ADD-9C48-4A7B-8734-0F4FB55DE352}.Debug|Any CPU.Build.0 = Debug|Any CPU
		{35AD5ADD-9C48-4A7B-8734-0F4FB55DE352}.Release|Any CPU.ActiveCfg = Release|Any CPU
		{35AD5ADD-9C48-4A7B-8734-0F4FB55DE352}.Release|Any CPU.Build.0 = Release|Any CPU
	EndGlobalSection
	GlobalSection(SolutionProperties) = preSolution
		HideSolutionNode = FALSE
	EndGlobalSection
	GlobalSection(ExtensibilityGlobals) = postSolution
		SolutionGuid = {4ACD9087-D51A-4F1B-8823-4E290D611552}
	EndGlobalSection
EndGlobal
